// !$*UTF8*$!
{
	archiveVersion = 1;
	classes = {
	};
	objectVersion = 50;
	objects = {

/* Begin PBXBuildFile section */
		1BBA482326A8DCA000D61DFE /* AppDelegate.swift in Sources */ = {isa = PBXBuildFile; fileRef = 1BBA482226A8DCA000D61DFE /* AppDelegate.swift */; };
		1BBA482526A8DCA000D61DFE /* SceneDelegate.swift in Sources */ = {isa = PBXBuildFile; fileRef = 1BBA482426A8DCA000D61DFE /* SceneDelegate.swift */; };
		1BBA482726A8DCA000D61DFE /* ViewController.swift in Sources */ = {isa = PBXBuildFile; fileRef = 1BBA482626A8DCA000D61DFE /* ViewController.swift */; };
		1BBA482A26A8DCA000D61DFE /* Main.storyboard in Resources */ = {isa = PBXBuildFile; fileRef = 1BBA482826A8DCA000D61DFE /* Main.storyboard */; };
		1BBA482D26A8DCA000D61DFE /* Pokemon_Oxxo.xcdatamodeld in Sources */ = {isa = PBXBuildFile; fileRef = 1BBA482B26A8DCA000D61DFE /* Pokemon_Oxxo.xcdatamodeld */; };
		1BBA482F26A8DCA300D61DFE /* Assets.xcassets in Resources */ = {isa = PBXBuildFile; fileRef = 1BBA482E26A8DCA300D61DFE /* Assets.xcassets */; };
		1BBA483226A8DCA300D61DFE /* LaunchScreen.storyboard in Resources */ = {isa = PBXBuildFile; fileRef = 1BBA483026A8DCA300D61DFE /* LaunchScreen.storyboard */; };
		1BBA483D26A8DCA300D61DFE /* Pokemon_OxxoTests.swift in Sources */ = {isa = PBXBuildFile; fileRef = 1BBA483C26A8DCA300D61DFE /* Pokemon_OxxoTests.swift */; };
		1BBA484826A8DCA300D61DFE /* Pokemon_OxxoUITests.swift in Sources */ = {isa = PBXBuildFile; fileRef = 1BBA484726A8DCA300D61DFE /* Pokemon_OxxoUITests.swift */; };
/* End PBXBuildFile section */

/* Begin PBXContainerItemProxy section */
		1BBA483926A8DCA300D61DFE /* PBXContainerItemProxy */ = {
			isa = PBXContainerItemProxy;
			containerPortal = 1BBA481726A8DCA000D61DFE /* Project object */;
			proxyType = 1;
			remoteGlobalIDString = 1BBA481E26A8DCA000D61DFE;
			remoteInfo = "Pokemon-Oxxo";
		};
		1BBA484426A8DCA300D61DFE /* PBXContainerItemProxy */ = {
			isa = PBXContainerItemProxy;
			containerPortal = 1BBA481726A8DCA000D61DFE /* Project object */;
			proxyType = 1;
			remoteGlobalIDString = 1BBA481E26A8DCA000D61DFE;
			remoteInfo = "Pokemon-Oxxo";
		};
/* End PBXContainerItemProxy section */

/* Begin PBXFileReference section */
		1BBA481F26A8DCA000D61DFE /* Pokemon-Oxxo.app */ = {isa = PBXFileReference; explicitFileType = wrapper.application; includeInIndex = 0; path = "Pokemon-Oxxo.app"; sourceTree = BUILT_PRODUCTS_DIR; };
		1BBA482226A8DCA000D61DFE /* AppDelegate.swift */ = {isa = PBXFileReference; lastKnownFileType = sourcecode.swift; path = AppDelegate.swift; sourceTree = "<group>"; };
		1BBA482426A8DCA000D61DFE /* SceneDelegate.swift */ = {isa = PBXFileReference; lastKnownFileType = sourcecode.swift; path = SceneDelegate.swift; sourceTree = "<group>"; };
		1BBA482626A8DCA000D61DFE /* ViewController.swift */ = {isa = PBXFileReference; lastKnownFileType = sourcecode.swift; path = ViewController.swift; sourceTree = "<group>"; };
		1BBA482926A8DCA000D61DFE /* Base */ = {isa = PBXFileReference; lastKnownFileType = file.storyboard; name = Base; path = Base.lproj/Main.storyboard; sourceTree = "<group>"; };
		1BBA482C26A8DCA000D61DFE /* Pokemon_Oxxo.xcdatamodel */ = {isa = PBXFileReference; lastKnownFileType = wrapper.xcdatamodel; path = Pokemon_Oxxo.xcdatamodel; sourceTree = "<group>"; };
		1BBA482E26A8DCA300D61DFE /* Assets.xcassets */ = {isa = PBXFileReference; lastKnownFileType = folder.assetcatalog; path = Assets.xcassets; sourceTree = "<group>"; };
		1BBA483126A8DCA300D61DFE /* Base */ = {isa = PBXFileReference; lastKnownFileType = file.storyboard; name = Base; path = Base.lproj/LaunchScreen.storyboard; sourceTree = "<group>"; };
		1BBA483326A8DCA300D61DFE /* Info.plist */ = {isa = PBXFileReference; lastKnownFileType = text.plist.xml; path = Info.plist; sourceTree = "<group>"; };
		1BBA483826A8DCA300D61DFE /* Pokemon-OxxoTests.xctest */ = {isa = PBXFileReference; explicitFileType = wrapper.cfbundle; includeInIndex = 0; path = "Pokemon-OxxoTests.xctest"; sourceTree = BUILT_PRODUCTS_DIR; };
		1BBA483C26A8DCA300D61DFE /* Pokemon_OxxoTests.swift */ = {isa = PBXFileReference; lastKnownFileType = sourcecode.swift; path = Pokemon_OxxoTests.swift; sourceTree = "<group>"; };
		1BBA483E26A8DCA300D61DFE /* Info.plist */ = {isa = PBXFileReference; lastKnownFileType = text.plist.xml; path = Info.plist; sourceTree = "<group>"; };
		1BBA484326A8DCA300D61DFE /* Pokemon-OxxoUITests.xctest */ = {isa = PBXFileReference; explicitFileType = wrapper.cfbundle; includeInIndex = 0; path = "Pokemon-OxxoUITests.xctest"; sourceTree = BUILT_PRODUCTS_DIR; };
		1BBA484726A8DCA300D61DFE /* Pokemon_OxxoUITests.swift */ = {isa = PBXFileReference; lastKnownFileType = sourcecode.swift; path = Pokemon_OxxoUITests.swift; sourceTree = "<group>"; };
		1BBA484926A8DCA300D61DFE /* Info.plist */ = {isa = PBXFileReference; lastKnownFileType = text.plist.xml; path = Info.plist; sourceTree = "<group>"; };
/* End PBXFileReference section */

/* Begin PBXFrameworksBuildPhase section */
		1BBA481C26A8DCA000D61DFE /* Frameworks */ = {
			isa = PBXFrameworksBuildPhase;
			buildActionMask = 2147483647;
			files = (
			);
			runOnlyForDeploymentPostprocessing = 0;
		};
		1BBA483526A8DCA300D61DFE /* Frameworks */ = {
			isa = PBXFrameworksBuildPhase;
			buildActionMask = 2147483647;
			files = (
			);
			runOnlyForDeploymentPostprocessing = 0;
		};
		1BBA484026A8DCA300D61DFE /* Frameworks */ = {
			isa = PBXFrameworksBuildPhase;
			buildActionMask = 2147483647;
			files = (
			);
			runOnlyForDeploymentPostprocessing = 0;
		};
/* End PBXFrameworksBuildPhase section */

/* Begin PBXGroup section */
		1BBA481626A8DCA000D61DFE = {
			isa = PBXGroup;
			children = (
				1BBA482126A8DCA000D61DFE /* Pokemon-Oxxo */,
				1BBA483B26A8DCA300D61DFE /* Pokemon-OxxoTests */,
				1BBA484626A8DCA300D61DFE /* Pokemon-OxxoUITests */,
				1BBA482026A8DCA000D61DFE /* Products */,
			);
			sourceTree = "<group>";
		};
		1BBA482026A8DCA000D61DFE /* Products */ = {
			isa = PBXGroup;
			children = (
				1BBA481F26A8DCA000D61DFE /* Pokemon-Oxxo.app */,
				1BBA483826A8DCA300D61DFE /* Pokemon-OxxoTests.xctest */,
				1BBA484326A8DCA300D61DFE /* Pokemon-OxxoUITests.xctest */,
			);
			name = Products;
			sourceTree = "<group>";
		};
		1BBA482126A8DCA000D61DFE /* Pokemon-Oxxo */ = {
			isa = PBXGroup;
			children = (
				1BBA482226A8DCA000D61DFE /* AppDelegate.swift */,
				1BBA482426A8DCA000D61DFE /* SceneDelegate.swift */,
				1BBA482626A8DCA000D61DFE /* ViewController.swift */,
				1BBA482826A8DCA000D61DFE /* Main.storyboard */,
				1BBA482E26A8DCA300D61DFE /* Assets.xcassets */,
				1BBA483026A8DCA300D61DFE /* LaunchScreen.storyboard */,
				1BBA483326A8DCA300D61DFE /* Info.plist */,
				1BBA482B26A8DCA000D61DFE /* Pokemon_Oxxo.xcdatamodeld */,
			);
			path = "Pokemon-Oxxo";
			sourceTree = "<group>";
		};
		1BBA483B26A8DCA300D61DFE /* Pokemon-OxxoTests */ = {
			isa = PBXGroup;
			children = (
				1BBA483C26A8DCA300D61DFE /* Pokemon_OxxoTests.swift */,
				1BBA483E26A8DCA300D61DFE /* Info.plist */,
			);
			path = "Pokemon-OxxoTests";
			sourceTree = "<group>";
		};
		1BBA484626A8DCA300D61DFE /* Pokemon-OxxoUITests */ = {
			isa = PBXGroup;
			children = (
				1BBA484726A8DCA300D61DFE /* Pokemon_OxxoUITests.swift */,
				1BBA484926A8DCA300D61DFE /* Info.plist */,
			);
			path = "Pokemon-OxxoUITests";
			sourceTree = "<group>";
		};
/* End PBXGroup section */

/* Begin PBXNativeTarget section */
		1BBA481E26A8DCA000D61DFE /* Pokemon-Oxxo */ = {
			isa = PBXNativeTarget;
			buildConfigurationList = 1BBA484C26A8DCA300D61DFE /* Build configuration list for PBXNativeTarget "Pokemon-Oxxo" */;
			buildPhases = (
				1BBA481B26A8DCA000D61DFE /* Sources */,
				1BBA481C26A8DCA000D61DFE /* Frameworks */,
				1BBA481D26A8DCA000D61DFE /* Resources */,
			);
			buildRules = (
			);
			dependencies = (
			);
			name = "Pokemon-Oxxo";
			productName = "Pokemon-Oxxo";
			productReference = 1BBA481F26A8DCA000D61DFE /* Pokemon-Oxxo.app */;
			productType = "com.apple.product-type.application";
		};
		1BBA483726A8DCA300D61DFE /* Pokemon-OxxoTests */ = {
			isa = PBXNativeTarget;
			buildConfigurationList = 1BBA484F26A8DCA300D61DFE /* Build configuration list for PBXNativeTarget "Pokemon-OxxoTests" */;
			buildPhases = (
				1BBA483426A8DCA300D61DFE /* Sources */,
				1BBA483526A8DCA300D61DFE /* Frameworks */,
				1BBA483626A8DCA300D61DFE /* Resources */,
			);
			buildRules = (
			);
			dependencies = (
				1BBA483A26A8DCA300D61DFE /* PBXTargetDependency */,
			);
			name = "Pokemon-OxxoTests";
			productName = "Pokemon-OxxoTests";
			productReference = 1BBA483826A8DCA300D61DFE /* Pokemon-OxxoTests.xctest */;
			productType = "com.apple.product-type.bundle.unit-test";
		};
		1BBA484226A8DCA300D61DFE /* Pokemon-OxxoUITests */ = {
			isa = PBXNativeTarget;
			buildConfigurationList = 1BBA485226A8DCA300D61DFE /* Build configuration list for PBXNativeTarget "Pokemon-OxxoUITests" */;
			buildPhases = (
				1BBA483F26A8DCA300D61DFE /* Sources */,
				1BBA484026A8DCA300D61DFE /* Frameworks */,
				1BBA484126A8DCA300D61DFE /* Resources */,
			);
			buildRules = (
			);
			dependencies = (
				1BBA484526A8DCA300D61DFE /* PBXTargetDependency */,
			);
			name = "Pokemon-OxxoUITests";
			productName = "Pokemon-OxxoUITests";
			productReference = 1BBA484326A8DCA300D61DFE /* Pokemon-OxxoUITests.xctest */;
			productType = "com.apple.product-type.bundle.ui-testing";
		};
/* End PBXNativeTarget section */

/* Begin PBXProject section */
		1BBA481726A8DCA000D61DFE /* Project object */ = {
			isa = PBXProject;
			attributes = {
				LastSwiftUpdateCheck = 1250;
				LastUpgradeCheck = 1250;
				TargetAttributes = {
					1BBA481E26A8DCA000D61DFE = {
						CreatedOnToolsVersion = 12.5;
					};
					1BBA483726A8DCA300D61DFE = {
						CreatedOnToolsVersion = 12.5;
						TestTargetID = 1BBA481E26A8DCA000D61DFE;
					};
					1BBA484226A8DCA300D61DFE = {
						CreatedOnToolsVersion = 12.5;
						TestTargetID = 1BBA481E26A8DCA000D61DFE;
					};
				};
			};
			buildConfigurationList = 1BBA481A26A8DCA000D61DFE /* Build configuration list for PBXProject "Pokemon-Oxxo" */;
			compatibilityVersion = "Xcode 9.3";
			developmentRegion = en;
			hasScannedForEncodings = 0;
			knownRegions = (
				en,
				Base,
			);
			mainGroup = 1BBA481626A8DCA000D61DFE;
			productRefGroup = 1BBA482026A8DCA000D61DFE /* Products */;
			projectDirPath = "";
			projectRoot = "";
			targets = (
				1BBA481E26A8DCA000D61DFE /* Pokemon-Oxxo */,
				1BBA483726A8DCA300D61DFE /* Pokemon-OxxoTests */,
				1BBA484226A8DCA300D61DFE /* Pokemon-OxxoUITests */,
			);
		};
/* End PBXProject section */

/* Begin PBXResourcesBuildPhase section */
		1BBA481D26A8DCA000D61DFE /* Resources */ = {
			isa = PBXResourcesBuildPhase;
			buildActionMask = 2147483647;
			files = (
				1BBA483226A8DCA300D61DFE /* LaunchScreen.storyboard in Resources */,
				1BBA482F26A8DCA300D61DFE /* Assets.xcassets in Resources */,
				1BBA482A26A8DCA000D61DFE /* Main.storyboard in Resources */,
			);
			runOnlyForDeploymentPostprocessing = 0;
		};
		1BBA483626A8DCA300D61DFE /* Resources */ = {
			isa = PBXResourcesBuildPhase;
			buildActionMask = 2147483647;
			files = (
			);
			runOnlyForDeploymentPostprocessing = 0;
		};
		1BBA484126A8DCA300D61DFE /* Resources */ = {
			isa = PBXResourcesBuildPhase;
			buildActionMask = 2147483647;
			files = (
			);
			runOnlyForDeploymentPostprocessing = 0;
		};
/* End PBXResourcesBuildPhase section */

/* Begin PBXSourcesBuildPhase section */
		1BBA481B26A8DCA000D61DFE /* Sources */ = {
			isa = PBXSourcesBuildPhase;
			buildActionMask = 2147483647;
			files = (
				1BBA482726A8DCA000D61DFE /* ViewController.swift in Sources */,
				1BBA482326A8DCA000D61DFE /* AppDelegate.swift in Sources */,
				1BBA482526A8DCA000D61DFE /* SceneDelegate.swift in Sources */,
				1BBA482D26A8DCA000D61DFE /* Pokemon_Oxxo.xcdatamodeld in Sources */,
			);
			runOnlyForDeploymentPostprocessing = 0;
		};
		1BBA483426A8DCA300D61DFE /* Sources */ = {
			isa = PBXSourcesBuildPhase;
			buildActionMask = 2147483647;
			files = (
				1BBA483D26A8DCA300D61DFE /* Pokemon_OxxoTests.swift in Sources */,
			);
			runOnlyForDeploymentPostprocessing = 0;
		};
		1BBA483F26A8DCA300D61DFE /* Sources */ = {
			isa = PBXSourcesBuildPhase;
			buildActionMask = 2147483647;
			files = (
				1BBA484826A8DCA300D61DFE /* Pokemon_OxxoUITests.swift in Sources */,
			);
			runOnlyForDeploymentPostprocessing = 0;
		};
/* End PBXSourcesBuildPhase section */

/* Begin PBXTargetDependency section */
		1BBA483A26A8DCA300D61DFE /* PBXTargetDependency */ = {
			isa = PBXTargetDependency;
			target = 1BBA481E26A8DCA000D61DFE /* Pokemon-Oxxo */;
			targetProxy = 1BBA483926A8DCA300D61DFE /* PBXContainerItemProxy */;
		};
		1BBA484526A8DCA300D61DFE /* PBXTargetDependency */ = {
			isa = PBXTargetDependency;
			target = 1BBA481E26A8DCA000D61DFE /* Pokemon-Oxxo */;
			targetProxy = 1BBA484426A8DCA300D61DFE /* PBXContainerItemProxy */;
		};
/* End PBXTargetDependency section */

/* Begin PBXVariantGroup section */
		1BBA482826A8DCA000D61DFE /* Main.storyboard */ = {
			isa = PBXVariantGroup;
			children = (
				1BBA482926A8DCA000D61DFE /* Base */,
			);
			name = Main.storyboard;
			sourceTree = "<group>";
		};
		1BBA483026A8DCA300D61DFE /* LaunchScreen.storyboard */ = {
			isa = PBXVariantGroup;
			children = (
				1BBA483126A8DCA300D61DFE /* Base */,
			);
			name = LaunchScreen.storyboard;
			sourceTree = "<group>";
		};
/* End PBXVariantGroup section */

/* Begin XCBuildConfiguration section */
		1BBA484A26A8DCA300D61DFE /* Debug */ = {
			isa = XCBuildConfiguration;
			buildSettings = {
				ALWAYS_SEARCH_USER_PATHS = NO;
				CLANG_ANALYZER_NONNULL = YES;
				CLANG_ANALYZER_NUMBER_OBJECT_CONVERSION = YES_AGGRESSIVE;
				CLANG_CXX_LANGUAGE_STANDARD = "gnu++14";
				CLANG_CXX_LIBRARY = "libc++";
				CLANG_ENABLE_MODULES = YES;
				CLANG_ENABLE_OBJC_ARC = YES;
				CLANG_ENABLE_OBJC_WEAK = YES;
				CLANG_WARN_BLOCK_CAPTURE_AUTORELEASING = YES;
				CLANG_WARN_BOOL_CONVERSION = YES;
				CLANG_WARN_COMMA = YES;
				CLANG_WARN_CONSTANT_CONVERSION = YES;
				CLANG_WARN_DEPRECATED_OBJC_IMPLEMENTATIONS = YES;
				CLANG_WARN_DIRECT_OBJC_ISA_USAGE = YES_ERROR;
				CLANG_WARN_DOCUMENTATION_COMMENTS = YES;
				CLANG_WARN_EMPTY_BODY = YES;
				CLANG_WARN_ENUM_CONVERSION = YES;
				CLANG_WARN_INFINITE_RECURSION = YES;
				CLANG_WARN_INT_CONVERSION = YES;
				CLANG_WARN_NON_LITERAL_NULL_CONVERSION = YES;
				CLANG_WARN_OBJC_IMPLICIT_RETAIN_SELF = YES;
				CLANG_WARN_OBJC_LITERAL_CONVERSION = YES;
				CLANG_WARN_OBJC_ROOT_CLASS = YES_ERROR;
				CLANG_WARN_QUOTED_INCLUDE_IN_FRAMEWORK_HEADER = YES;
				CLANG_WARN_RANGE_LOOP_ANALYSIS = YES;
				CLANG_WARN_STRICT_PROTOTYPES = YES;
				CLANG_WARN_SUSPICIOUS_MOVE = YES;
				CLANG_WARN_UNGUARDED_AVAILABILITY = YES_AGGRESSIVE;
				CLANG_WARN_UNREACHABLE_CODE = YES;
				CLANG_WARN__DUPLICATE_METHOD_MATCH = YES;
				COPY_PHASE_STRIP = NO;
				DEBUG_INFORMATION_FORMAT = dwarf;
				ENABLE_STRICT_OBJC_MSGSEND = YES;
				ENABLE_TESTABILITY = YES;
				GCC_C_LANGUAGE_STANDARD = gnu11;
				GCC_DYNAMIC_NO_PIC = NO;
				GCC_NO_COMMON_BLOCKS = YES;
				GCC_OPTIMIZATION_LEVEL = 0;
				GCC_PREPROCESSOR_DEFINITIONS = (
					"DEBUG=1",
					"$(inherited)",
				);
				GCC_WARN_64_TO_32_BIT_CONVERSION = YES;
				GCC_WARN_ABOUT_RETURN_TYPE = YES_ERROR;
				GCC_WARN_UNDECLARED_SELECTOR = YES;
				GCC_WARN_UNINITIALIZED_AUTOS = YES_AGGRESSIVE;
				GCC_WARN_UNUSED_FUNCTION = YES;
				GCC_WARN_UNUSED_VARIABLE = YES;
				IPHONEOS_DEPLOYMENT_TARGET = 14.5;
				MTL_ENABLE_DEBUG_INFO = INCLUDE_SOURCE;
				MTL_FAST_MATH = YES;
				ONLY_ACTIVE_ARCH = YES;
				SDKROOT = iphoneos;
				SWIFT_ACTIVE_COMPILATION_CONDITIONS = DEBUG;
				SWIFT_OPTIMIZATION_LEVEL = "-Onone";
			};
			name = Debug;
		};
		1BBA484B26A8DCA300D61DFE /* Release */ = {
			isa = XCBuildConfiguration;
			buildSettings = {
				ALWAYS_SEARCH_USER_PATHS = NO;
				CLANG_ANALYZER_NONNULL = YES;
				CLANG_ANALYZER_NUMBER_OBJECT_CONVERSION = YES_AGGRESSIVE;
				CLANG_CXX_LANGUAGE_STANDARD = "gnu++14";
				CLANG_CXX_LIBRARY = "libc++";
				CLANG_ENABLE_MODULES = YES;
				CLANG_ENABLE_OBJC_ARC = YES;
				CLANG_ENABLE_OBJC_WEAK = YES;
				CLANG_WARN_BLOCK_CAPTURE_AUTORELEASING = YES;
				CLANG_WARN_BOOL_CONVERSION = YES;
				CLANG_WARN_COMMA = YES;
				CLANG_WARN_CONSTANT_CONVERSION = YES;
				CLANG_WARN_DEPRECATED_OBJC_IMPLEMENTATIONS = YES;
				CLANG_WARN_DIRECT_OBJC_ISA_USAGE = YES_ERROR;
				CLANG_WARN_DOCUMENTATION_COMMENTS = YES;
				CLANG_WARN_EMPTY_BODY = YES;
				CLANG_WARN_ENUM_CONVERSION = YES;
				CLANG_WARN_INFINITE_RECURSION = YES;
				CLANG_WARN_INT_CONVERSION = YES;
				CLANG_WARN_NON_LITERAL_NULL_CONVERSION = YES;
				CLANG_WARN_OBJC_IMPLICIT_RETAIN_SELF = YES;
				CLANG_WARN_OBJC_LITERAL_CONVERSION = YES;
				CLANG_WARN_OBJC_ROOT_CLASS = YES_ERROR;
				CLANG_WARN_QUOTED_INCLUDE_IN_FRAMEWORK_HEADER = YES;
				CLANG_WARN_RANGE_LOOP_ANALYSIS = YES;
				CLANG_WARN_STRICT_PROTOTYPES = YES;
				CLANG_WARN_SUSPICIOUS_MOVE = YES;
				CLANG_WARN_UNGUARDED_AVAILABILITY = YES_AGGRESSIVE;
				CLANG_WARN_UNREACHABLE_CODE = YES;
				CLANG_WARN__DUPLICATE_METHOD_MATCH = YES;
				COPY_PHASE_STRIP = NO;
				DEBUG_INFORMATION_FORMAT = "dwarf-with-dsym";
				ENABLE_NS_ASSERTIONS = NO;
				ENABLE_STRICT_OBJC_MSGSEND = YES;
				GCC_C_LANGUAGE_STANDARD = gnu11;
				GCC_NO_COMMON_BLOCKS = YES;
				GCC_WARN_64_TO_32_BIT_CONVERSION = YES;
				GCC_WARN_ABOUT_RETURN_TYPE = YES_ERROR;
				GCC_WARN_UNDECLARED_SELECTOR = YES;
				GCC_WARN_UNINITIALIZED_AUTOS = YES_AGGRESSIVE;
				GCC_WARN_UNUSED_FUNCTION = YES;
				GCC_WARN_UNUSED_VARIABLE = YES;
				IPHONEOS_DEPLOYMENT_TARGET = 14.5;
				MTL_ENABLE_DEBUG_INFO = NO;
				MTL_FAST_MATH = YES;
				SDKROOT = iphoneos;
				SWIFT_COMPILATION_MODE = wholemodule;
				SWIFT_OPTIMIZATION_LEVEL = "-O";
				VALIDATE_PRODUCT = YES;
			};
			name = Release;
		};
		1BBA484D26A8DCA300D61DFE /* Debug */ = {
			isa = XCBuildConfiguration;
			buildSettings = {
				ASSETCATALOG_COMPILER_APPICON_NAME = AppIcon;
				ASSETCATALOG_COMPILER_GLOBAL_ACCENT_COLOR_NAME = AccentColor;
				CODE_SIGN_STYLE = Automatic;
				DEVELOPMENT_TEAM = 9WYBL9US2Z;
				INFOPLIST_FILE = "Pokemon-Oxxo/Info.plist";
				LD_RUNPATH_SEARCH_PATHS = (
					"$(inherited)",
					"@executable_path/Frameworks",
				);
				PRODUCT_BUNDLE_IDENTIFIER = "mx.Pokemon-Oxxo";
				PRODUCT_NAME = "$(TARGET_NAME)";
				SWIFT_VERSION = 5.0;
				TARGETED_DEVICE_FAMILY = "1,2";
			};
			name = Debug;
		};
		1BBA484E26A8DCA300D61DFE /* Release */ = {
			isa = XCBuildConfiguration;
			buildSettings = {
				ASSETCATALOG_COMPILER_APPICON_NAME = AppIcon;
				ASSETCATALOG_COMPILER_GLOBAL_ACCENT_COLOR_NAME = AccentColor;
				CODE_SIGN_STYLE = Automatic;
				DEVELOPMENT_TEAM = 9WYBL9US2Z;
				INFOPLIST_FILE = "Pokemon-Oxxo/Info.plist";
				LD_RUNPATH_SEARCH_PATHS = (
					"$(inherited)",
					"@executable_path/Frameworks",
				);
				PRODUCT_BUNDLE_IDENTIFIER = "mx.Pokemon-Oxxo";
				PRODUCT_NAME = "$(TARGET_NAME)";
				SWIFT_VERSION = 5.0;
				TARGETED_DEVICE_FAMILY = "1,2";
			};
			name = Release;
		};
		1BBA485026A8DCA300D61DFE /* Debug */ = {
			isa = XCBuildConfiguration;
			buildSettings = {
				ALWAYS_EMBED_SWIFT_STANDARD_LIBRARIES = YES;
				BUNDLE_LOADER = "$(TEST_HOST)";
				CODE_SIGN_STYLE = Automatic;
				DEVELOPMENT_TEAM = 9WYBL9US2Z;
				INFOPLIST_FILE = "Pokemon-OxxoTests/Info.plist";
				IPHONEOS_DEPLOYMENT_TARGET = 14.5;
				LD_RUNPATH_SEARCH_PATHS = (
					"$(inherited)",
					"@executable_path/Frameworks",
					"@loader_path/Frameworks",
				);
				PRODUCT_BUNDLE_IDENTIFIER = "mx.Pokemon-OxxoTests";
				PRODUCT_NAME = "$(TARGET_NAME)";
				SWIFT_VERSION = 5.0;
				TARGETED_DEVICE_FAMILY = "1,2";
				TEST_HOST = "$(BUILT_PRODUCTS_DIR)/Pokemon-Oxxo.app/Pokemon-Oxxo";
			};
			name = Debug;
		};
		1BBA485126A8DCA300D61DFE /* Release */ = {
			isa = XCBuildConfiguration;
			buildSettings = {
				ALWAYS_EMBED_SWIFT_STANDARD_LIBRARIES = YES;
				BUNDLE_LOADER = "$(TEST_HOST)";
				CODE_SIGN_STYLE = Automatic;
				DEVELOPMENT_TEAM = 9WYBL9US2Z;
				INFOPLIST_FILE = "Pokemon-OxxoTests/Info.plist";
				IPHONEOS_DEPLOYMENT_TARGET = 14.5;
				LD_RUNPATH_SEARCH_PATHS = (
					"$(inherited)",
					"@executable_path/Frameworks",
					"@loader_path/Frameworks",
				);
				PRODUCT_BUNDLE_IDENTIFIER = "mx.Pokemon-OxxoTests";
				PRODUCT_NAME = "$(TARGET_NAME)";
				SWIFT_VERSION = 5.0;
				TARGETED_DEVICE_FAMILY = "1,2";
				TEST_HOST = "$(BUILT_PRODUCTS_DIR)/Pokemon-Oxxo.app/Pokemon-Oxxo";
			};
			name = Release;
		};
		1BBA485326A8DCA300D61DFE /* Debug */ = {
			isa = XCBuildConfiguration;
			buildSettings = {
				ALWAYS_EMBED_SWIFT_STANDARD_LIBRARIES = YES;
				CODE_SIGN_STYLE = Automatic;
				DEVELOPMENT_TEAM = 9WYBL9US2Z;
				INFOPLIST_FILE = "Pokemon-OxxoUITests/Info.plist";
				LD_RUNPATH_SEARCH_PATHS = (
					"$(inherited)",
					"@executable_path/Frameworks",
					"@loader_path/Frameworks",
				);
				PRODUCT_BUNDLE_IDENTIFIER = "mx.Pokemon-OxxoUITests";
				PRODUCT_NAME = "$(TARGET_NAME)";
				SWIFT_VERSION = 5.0;
				TARGETED_DEVICE_FAMILY = "1,2";
				TEST_TARGET_NAME = "Pokemon-Oxxo";
			};
			name = Debug;
		};
		1BBA485426A8DCA300D61DFE /* Release */ = {
			isa = XCBuildConfiguration;
			buildSettings = {
				ALWAYS_EMBED_SWIFT_STANDARD_LIBRARIES = YES;
				CODE_SIGN_STYLE = Automatic;
				DEVELOPMENT_TEAM = 9WYBL9US2Z;
				INFOPLIST_FILE = "Pokemon-OxxoUITests/Info.plist";
				LD_RUNPATH_SEARCH_PATHS = (
					"$(inherited)",
					"@executable_path/Frameworks",
					"@loader_path/Frameworks",
				);
				PRODUCT_BUNDLE_IDENTIFIER = "mx.Pokemon-OxxoUITests";
				PRODUCT_NAME = "$(TARGET_NAME)";
				SWIFT_VERSION = 5.0;
				TARGETED_DEVICE_FAMILY = "1,2";
				TEST_TARGET_NAME = "Pokemon-Oxxo";
			};
			name = Release;
		};
/* End XCBuildConfiguration section */

/* Begin XCConfigurationList section */
		1BBA481A26A8DCA000D61DFE /* Build configuration list for PBXProject "Pokemon-Oxxo" */ = {
			isa = XCConfigurationList;
			buildConfigurations = (
				1BBA484A26A8DCA300D61DFE /* Debug */,
				1BBA484B26A8DCA300D61DFE /* Release */,
			);
			defaultConfigurationIsVisible = 0;
			defaultConfigurationName = Release;
		};
		1BBA484C26A8DCA300D61DFE /* Build configuration list for PBXNativeTarget "Pokemon-Oxxo" */ = {
			isa = XCConfigurationList;
			buildConfigurations = (
				1BBA484D26A8DCA300D61DFE /* Debug */,
				1BBA484E26A8DCA300D61DFE /* Release */,
			);
			defaultConfigurationIsVisible = 0;
			defaultConfigurationName = Release;
		};
		1BBA484F26A8DCA300D61DFE /* Build configuration list for PBXNativeTarget "Pokemon-OxxoTests" */ = {
			isa = XCConfigurationList;
			buildConfigurations = (
				1BBA485026A8DCA300D61DFE /* Debug */,
				1BBA485126A8DCA300D61DFE /* Release */,
			);
			defaultConfigurationIsVisible = 0;
			defaultConfigurationName = Release;
		};
		1BBA485226A8DCA300D61DFE /* Build configuration list for PBXNativeTarget "Pokemon-OxxoUITests" */ = {
			isa = XCConfigurationList;
			buildConfigurations = (
				1BBA485326A8DCA300D61DFE /* Debug */,
				1BBA485426A8DCA300D61DFE /* Release */,
			);
			defaultConfigurationIsVisible = 0;
			defaultConfigurationName = Release;
		};
/* End XCConfigurationList section */

/* Begin XCVersionGroup section */
		1BBA482B26A8DCA000D61DFE /* Pokemon_Oxxo.xcdatamodeld */ = {
			isa = XCVersionGroup;
			children = (
				1BBA482C26A8DCA000D61DFE /* Pokemon_Oxxo.xcdatamodel */,
			);
			currentVersion = 1BBA482C26A8DCA000D61DFE /* Pokemon_Oxxo.xcdatamodel */;
			path = Pokemon_Oxxo.xcdatamodeld;
			sourceTree = "<group>";
			versionGroupType = wrapper.xcdatamodel;
		};
/* End XCVersionGroup section */
	};
	rootObject = 1BBA481726A8DCA000D61DFE /* Project object */;
}
